
Microsoft Visual Studio Solution File, Format Version 12.00
# Visual Studio Version 17
VisualStudioVersion = 17.8.34322.80
MinimumVisualStudioVersion = 10.0.40219.1
Project("{9A19103F-16F7-4668-BE54-9A1E7A4F7556}") = "OpenSilverApp.Browser", "OpenSilverApp\OpenSilverApp.Browser\OpenSilverApp.Browser.csproj", "{50443B85-D507-469F-B1D6-1A52CA552BAB}"
EndProject
Project("{9A19103F-16F7-4668-BE54-9A1E7A4F7556}") = "OpenSilverApp", "OpenSilverApp\OpenSilverApp\OpenSilverApp.csproj", "{B72BF2A1-6F0C-4BB3-A945-1D2ED4F68C26}"
EndProject
Project("{9A19103F-16F7-4668-BE54-9A1E7A4F7556}") = "OpenSilverApp.Simulator", "OpenSilverApp\OpenSilverApp.Simulator\OpenSilverApp.Simulator.csproj", "{6C694DD5-7A46-40B6-B07D-68BBFAFCC91E}"
EndProject
Project("{9A19103F-16F7-4668-BE54-9A1E7A4F7556}") = "OpenSilverClassLibrary", "OpenSilverClassLibrary\OpenSilverClassLibrary.csproj", "{EB7883D9-E9B5-4A47-9DFC-E3FD59D3089F}"
EndProject
Project("{9A19103F-16F7-4668-BE54-9A1E7A4F7556}") = "WpfTestApp1", "..\WpfTestApp1\WpfTestApp1\WpfTestApp1.csproj", "{A495464B-1E0B-4E1E-9E36-553CB8E250EA}"
EndProject
Project("{9A19103F-16F7-4668-BE54-9A1E7A4F7556}") = "WpfTestAppClassLibrary1", "..\WpfTestApp1\ClassLibrary1\WpfTestAppClassLibrary1.csproj", "{B0C5F619-223C-4FA8-8F3B-6DE0BEE0367D}"
EndProject
Global
	GlobalSection(SolutionConfigurationPlatforms) = preSolution
		Debug|Any CPU = Debug|Any CPU
		Release|Any CPU = Release|Any CPU
	EndGlobalSection
	GlobalSection(ProjectConfigurationPlatforms) = postSolution
		{50443B85-D507-469F-B1D6-1A52CA552BAB}.Debug|Any CPU.ActiveCfg = Debug|Any CPU
		{50443B85-D507-469F-B1D6-1A52CA552BAB}.Debug|Any CPU.Build.0 = Debug|Any CPU
		{50443B85-D507-469F-B1D6-1A52CA552BAB}.Release|Any CPU.ActiveCfg = Release|Any CPU
		{50443B85-D507-469F-B1D6-1A52CA552BAB}.Release|Any CPU.Build.0 = Release|Any CPU
		{B72BF2A1-6F0C-4BB3-A945-1D2ED4F68C26}.Debug|Any CPU.ActiveCfg = Debug|Any CPU
		{B72BF2A1-6F0C-4BB3-A945-1D2ED4F68C26}.Debug|Any CPU.Build.0 = Debug|Any CPU
		{B72BF2A1-6F0C-4BB3-A945-1D2ED4F68C26}.Release|Any CPU.ActiveCfg = Release|Any CPU
		{B72BF2A1-6F0C-4BB3-A945-1D2ED4F68C26}.Release|Any CPU.Build.0 = Release|Any CPU
		{6C694DD5-7A46-40B6-B07D-68BBFAFCC91E}.Debug|Any CPU.ActiveCfg = Debug|Any CPU
		{6C694DD5-7A46-40B6-B07D-68BBFAFCC91E}.Debug|Any CPU.Build.0 = Debug|Any CPU
		{6C694DD5-7A46-40B6-B07D-68BBFAFCC91E}.Release|Any CPU.ActiveCfg = Release|Any CPU
		{6C694DD5-7A46-40B6-B07D-68BBFAFCC91E}.Release|Any CPU.Build.0 = Release|Any CPU
		{EB7883D9-E9B5-4A47-9DFC-E3FD59D3089F}.Debug|Any CPU.ActiveCfg = Debug|Any CPU
		{EB7883D9-E9B5-4A47-9DFC-E3FD59D3089F}.Debug|Any CPU.Build.0 = Debug|Any CPU
		{EB7883D9-E9B5-4A47-9DFC-E3FD59D3089F}.Release|Any CPU.ActiveCfg = Release|Any CPU
		{EB7883D9-E9B5-4A47-9DFC-E3FD59D3089F}.Release|Any CPU.Build.0 = Release|Any CPU
		{A495464B-1E0B-4E1E-9E36-553CB8E250EA}.Debug|Any CPU.ActiveCfg = Debug|Any CPU
		{A495464B-1E0B-4E1E-9E36-553CB8E250EA}.Debug|Any CPU.Build.0 = Debug|Any CPU
		{A495464B-1E0B-4E1E-9E36-553CB8E250EA}.Release|Any CPU.ActiveCfg = Release|Any CPU
		{A495464B-1E0B-4E1E-9E36-553CB8E250EA}.Release|Any CPU.Build.0 = Release|Any CPU
		{B0C5F619-223C-4FA8-8F3B-6DE0BEE0367D}.Debug|Any CPU.ActiveCfg = Debug|Any CPU
		{B0C5F619-223C-4FA8-8F3B-6DE0BEE0367D}.Debug|Any CPU.Build.0 = Debug|Any CPU
		{B0C5F619-223C-4FA8-8F3B-6DE0BEE0367D}.Release|Any CPU.ActiveCfg = Release|Any CPU
		{B0C5F619-223C-4FA8-8F3B-6DE0BEE0367D}.Release|Any CPU.Build.0 = Release|Any CPU
	EndGlobalSection
	GlobalSection(SolutionProperties) = preSolution
		HideSolutionNode = FALSE
	EndGlobalSection
	GlobalSection(ExtensibilityGlobals) = postSolution
		SolutionGuid = {00C32E0D-3377-4B01-8DA7-152E1D4B07D1}
	EndGlobalSection
EndGlobal
